{
  "name": "demobrowser",
  "version": "0.1.0",
  "lockfileVersion": 1,
  "requires": true,
  "dependencies": {
    "async": {
      "version": "2.6.1",
      "resolved": "https://registry.npmjs.org/async/-/async-2.6.1.tgz",
      "integrity": "sha512-fNEiL2+AZt6AlAw/29Cr0UDe4sRAHCpEHh54WMz+Bb7QfNcFw4h3loofyJpLeQs4Yx7yuqu/2dLgM5hKOs6HlQ==",
      "requires": {
        "lodash": "^4.17.10"
      }
    },
    "lodash": {
      "version": "4.17.11",
      "resolved": "https://registry.npmjs.org/lodash/-/lodash-4.17.11.tgz",
      "integrity": "sha512-cQKh8igo5QUhZ7lg38DYWAxMvjSAKG0A8wGSVimP07SIUEK2UO+arSRKbRZWtelMtN5V0Hkwh5ryOto/SshYIg=="
    },
    "makeerror": {
      "version": "1.0.11",
      "resolved": "https://registry.npmjs.org/makeerror/-/makeerror-1.0.11.tgz",
      "integrity": "sha1-4BpckQnyr3lmDk6LlYd5AYT1qWw=",
      "requires": {
        "tmpl": "1.0.x"
      }
    },
    "minimist": {
      "version": "0.0.8",
      "resolved": "http://registry.npmjs.org/minimist/-/minimist-0.0.8.tgz",
      "integrity": "sha1-hX/Kv8M5fSYluCKCYuhqp6ARsF0="
    },
    "mkdirp": {
      "version": "0.5.1",
      "resolved": "http://registry.npmjs.org/mkdirp/-/mkdirp-0.5.1.tgz",
      "integrity": "sha1-MAV0OOrGz3+MR2fzhkjWaX11yQM=",
      "requires": {
        "minimist": "0.0.8"
      }
    },
    "tmpl": {
      "version": "1.0.4",
      "resolved": "https://registry.npmjs.org/tmpl/-/tmpl-1.0.4.tgz",
      "integrity": "sha1-I2QN17QtAEM5ERQIIOXPRA5SHdE="
    },
    "upath": {
      "version": "1.1.0",
      "resolved": "https://registry.npmjs.org/upath/-/upath-1.1.0.tgz",
      "integrity": "sha512-bzpH/oBhoS/QI/YtbkqCg6VEiPYjSZtrHQM6/QnJS6OL9pKUFLqb3aFh4Scvwm45+7iAgiMkLhSbaZxUqmrprw=="
    },
    "walker": {
      "version": "1.0.7",
      "resolved": "https://registry.npmjs.org/walker/-/walker-1.0.7.tgz",
      "integrity": "sha1-L3+bj9ENZ3JisYqITijRlhjgKPs=",
      "requires": {
        "makeerror": "1.0.x"
      }
    }
  }
}
